// !$*UTF8*$!
{
	archiveVersion = 1;
	classes = {
	};
	objectVersion = 77;
	objects = {

/* Begin PBXBuildFile section */
		7F40AC9F2F1EF70D001B1EE8 /* AudioToolbox.framework in Frameworks */ = {isa = PBXBuildFile; fileRef = 7F40AC9E2F1EF70D001B1EE8 /* AudioToolbox.framework */; };
		7F40ACA12F1EF716001B1EE8 /* CoreAudio.framework in Frameworks */ = {isa = PBXBuildFile; fileRef = 7F40ACA02F1EF716001B1EE8 /* CoreAudio.framework */; };
		7F8417F62F1EF3BD00B497E8 /* MFANSocket.cc in Sources */ = {isa = PBXBuildFile; fileRef = 7F8417F52F1EF3BD00B497E8 /* MFANSocket.cc */; };
		7F8417FB2F1EF40E00B497E8 /* bufsocket.cc in Sources */ = {isa = PBXBuildFile; fileRef = 7F8417FA2F1EF40E00B497E8 /* bufsocket.cc */; };
		7F8417FC2F1EF40E00B497E8 /* bufgen.cc in Sources */ = {isa = PBXBuildFile; fileRef = 7F8417F82F1EF40E00B497E8 /* bufgen.cc */; };
		7F8418002F1EF42E00B497E8 /* rst.cc in Sources */ = {isa = PBXBuildFile; fileRef = 7F8417FE2F1EF42E00B497E8 /* rst.cc */; };
		7F8418092F1EF49500B497E8 /* osp.cc in Sources */ = {isa = PBXBuildFile; fileRef = 7F8418042F1EF49500B497E8 /* osp.cc */; };
		7F84180A2F1EF49500B497E8 /* osptimer.cc in Sources */ = {isa = PBXBuildFile; fileRef = 7F8418072F1EF49500B497E8 /* osptimer.cc */; };
		7F84180D2F1EF4F000B497E8 /* radiostream.cc in Sources */ = {isa = PBXBuildFile; fileRef = 7F84180C2F1EF4F000B497E8 /* radiostream.cc */; };
		7FC015EF2F33E0A4002BADD4 /* MFANCoreButton.m in Sources */ = {isa = PBXBuildFile; fileRef = 7FC015EE2F33E0A4002BADD4 /* MFANCoreButton.m */; };
		7FC015F12F33E161002BADD4 /* MFANCGUtil.m in Sources */ = {isa = PBXBuildFile; fileRef = 7FC015F02F33E161002BADD4 /* MFANCGUtil.m */; };
		7FC015F82F33ECDA002BADD4 /* MarqueeLabel.m in Sources */ = {isa = PBXBuildFile; fileRef = 7FC015F72F33ECDA002BADD4 /* MarqueeLabel.m */; };
		7FD578002F1EF853002187FA /* cthread.cc in Sources */ = {isa = PBXBuildFile; fileRef = 7FD577FF2F1EF853002187FA /* cthread.cc */; };
/* End PBXBuildFile section */

/* Begin PBXFileReference section */
		7F1E14C12ED6A80D00D08908 /* RadioStar.app */ = {isa = PBXFileReference; explicitFileType = wrapper.application; includeInIndex = 0; path = RadioStar.app; sourceTree = BUILT_PRODUCTS_DIR; };
		7F40AC9E2F1EF70D001B1EE8 /* AudioToolbox.framework */ = {isa = PBXFileReference; lastKnownFileType = wrapper.framework; name = AudioToolbox.framework; path = System/Library/Frameworks/AudioToolbox.framework; sourceTree = SDKROOT; };
		7F40ACA02F1EF716001B1EE8 /* CoreAudio.framework */ = {isa = PBXFileReference; lastKnownFileType = wrapper.framework; name = CoreAudio.framework; path = System/Library/Frameworks/CoreAudio.framework; sourceTree = SDKROOT; };
		7F8417F32F1EF39200B497E8 /* MFANCGUtil.h */ = {isa = PBXFileReference; lastKnownFileType = sourcecode.c.h; name = MFANCGUtil.h; path = ../MusicFan/MusicFan/MFANCGUtil.h; sourceTree = SOURCE_ROOT; };
		7F8417F42F1EF3BD00B497E8 /* MFANSocket.h */ = {isa = PBXFileReference; lastKnownFileType = sourcecode.c.h; name = MFANSocket.h; path = ../MusicFan/MusicFan/MFANSocket.h; sourceTree = SOURCE_ROOT; };
		7F8417F52F1EF3BD00B497E8 /* MFANSocket.cc */ = {isa = PBXFileReference; lastKnownFileType = sourcecode.cpp.cpp; name = MFANSocket.cc; path = ../MusicFan/MusicFan/MFANSocket.cc; sourceTree = SOURCE_ROOT; };
		7F8417F72F1EF40E00B497E8 /* bufgen.h */ = {isa = PBXFileReference; lastKnownFileType = sourcecode.c.h; name = bufgen.h; path = ../mfand/bufgen.h; sourceTree = SOURCE_ROOT; };
		7F8417F82F1EF40E00B497E8 /* bufgen.cc */ = {isa = PBXFileReference; lastKnownFileType = sourcecode.cpp.cpp; name = bufgen.cc; path = ../mfand/bufgen.cc; sourceTree = SOURCE_ROOT; };
		7F8417F92F1EF40E00B497E8 /* bufsocket.h */ = {isa = PBXFileReference; lastKnownFileType = sourcecode.c.h; name = bufsocket.h; path = ../mfand/bufsocket.h; sourceTree = SOURCE_ROOT; };
		7F8417FA2F1EF40E00B497E8 /* bufsocket.cc */ = {isa = PBXFileReference; lastKnownFileType = sourcecode.cpp.cpp; name = bufsocket.cc; path = ../mfand/bufsocket.cc; sourceTree = SOURCE_ROOT; };
		7F8417FD2F1EF42E00B497E8 /* rst.h */ = {isa = PBXFileReference; lastKnownFileType = sourcecode.c.h; name = rst.h; path = ../mfand/rst.h; sourceTree = SOURCE_ROOT; };
		7F8417FE2F1EF42E00B497E8 /* rst.cc */ = {isa = PBXFileReference; lastKnownFileType = sourcecode.cpp.cpp; name = rst.cc; path = ../mfand/rst.cc; sourceTree = SOURCE_ROOT; };
		7F8417FF2F1EF42E00B497E8 /* rsterror.h */ = {isa = PBXFileReference; lastKnownFileType = sourcecode.c.h; name = rsterror.h; path = ../mfand/rsterror.h; sourceTree = SOURCE_ROOT; };
		7F8418012F1EF46800B497E8 /* cthread.h */ = {isa = PBXFileReference; lastKnownFileType = sourcecode.c.h; name = cthread.h; path = ../rpc/cthread.h; sourceTree = SOURCE_ROOT; };
		7F8418022F1EF46800B497E8 /* dqueue.h */ = {isa = PBXFileReference; lastKnownFileType = sourcecode.c.h; name = dqueue.h; path = ../rpc/dqueue.h; sourceTree = SOURCE_ROOT; };
		7F8418032F1EF49500B497E8 /* osp.h */ = {isa = PBXFileReference; lastKnownFileType = sourcecode.c.h; name = osp.h; path = ../rpc/osp.h; sourceTree = SOURCE_ROOT; };
		7F8418042F1EF49500B497E8 /* osp.cc */ = {isa = PBXFileReference; lastKnownFileType = sourcecode.cpp.cpp; name = osp.cc; path = ../rpc/osp.cc; sourceTree = SOURCE_ROOT; };
		7F8418052F1EF49500B497E8 /* ospmbuf.h */ = {isa = PBXFileReference; lastKnownFileType = sourcecode.c.h; name = ospmbuf.h; path = ../rpc/ospmbuf.h; sourceTree = SOURCE_ROOT; };
		7F8418062F1EF49500B497E8 /* osptimer.h */ = {isa = PBXFileReference; lastKnownFileType = sourcecode.c.h; name = osptimer.h; path = ../rpc/osptimer.h; sourceTree = SOURCE_ROOT; };
		7F8418072F1EF49500B497E8 /* osptimer.cc */ = {isa = PBXFileReference; lastKnownFileType = sourcecode.cpp.cpp; name = osptimer.cc; path = ../rpc/osptimer.cc; sourceTree = SOURCE_ROOT; };
		7F8418082F1EF49500B497E8 /* osptypes.h */ = {isa = PBXFileReference; lastKnownFileType = sourcecode.c.h; name = osptypes.h; path = ../rpc/osptypes.h; sourceTree = SOURCE_ROOT; };
		7F84180B2F1EF4F000B497E8 /* radiostream.h */ = {isa = PBXFileReference; lastKnownFileType = sourcecode.c.h; name = radiostream.h; path = ../mfand/radiostream.h; sourceTree = SOURCE_ROOT; };
		7F84180C2F1EF4F000B497E8 /* radiostream.cc */ = {isa = PBXFileReference; lastKnownFileType = sourcecode.cpp.cpp; name = radiostream.cc; path = ../mfand/radiostream.cc; sourceTree = SOURCE_ROOT; };
		7FC015ED2F33E0A4002BADD4 /* MFANCoreButton.h */ = {isa = PBXFileReference; lastKnownFileType = sourcecode.c.h; name = MFANCoreButton.h; path = ../MusicFan/MusicFan/MFANCoreButton.h; sourceTree = SOURCE_ROOT; };
		7FC015EE2F33E0A4002BADD4 /* MFANCoreButton.m */ = {isa = PBXFileReference; lastKnownFileType = sourcecode.c.objc; name = MFANCoreButton.m; path = ../MusicFan/MusicFan/MFANCoreButton.m; sourceTree = SOURCE_ROOT; };
		7FC015F02F33E161002BADD4 /* MFANCGUtil.m */ = {isa = PBXFileReference; lastKnownFileType = sourcecode.c.objc; name = MFANCGUtil.m; path = ../MusicFan/MusicFan/MFANCGUtil.m; sourceTree = SOURCE_ROOT; };
		7FC015F62F33ECDA002BADD4 /* MarqueeLabel.h */ = {isa = PBXFileReference; lastKnownFileType = sourcecode.c.h; name = MarqueeLabel.h; path = ../MusicFan/MusicFan/MarqueeLabel.h; sourceTree = SOURCE_ROOT; };
		7FC015F72F33ECDA002BADD4 /* MarqueeLabel.m */ = {isa = PBXFileReference; lastKnownFileType = sourcecode.c.objc; name = MarqueeLabel.m; path = ../MusicFan/MusicFan/MarqueeLabel.m; sourceTree = SOURCE_ROOT; };
		7FD577FF2F1EF853002187FA /* cthread.cc */ = {isa = PBXFileReference; lastKnownFileType = sourcecode.cpp.cpp; name = cthread.cc; path = ../rpc/cthread.cc; sourceTree = SOURCE_ROOT; };
/* End PBXFileReference section */

/* Begin PBXFileSystemSynchronizedBuildFileExceptionSet section */
		7F1E14D82ED6A80D00D08908 /* Exceptions for "RadioStar" folder in "RadioStar" target */ = {
			isa = PBXFileSystemSynchronizedBuildFileExceptionSet;
			membershipExceptions = (
				Info.plist,
			);
			target = 7F1E14C02ED6A80D00D08908 /* RadioStar */;
		};
/* End PBXFileSystemSynchronizedBuildFileExceptionSet section */

/* Begin PBXFileSystemSynchronizedRootGroup section */
		7F1E14C32ED6A80D00D08908 /* RadioStar */ = {
			isa = PBXFileSystemSynchronizedRootGroup;
			exceptions = (
				7F1E14D82ED6A80D00D08908 /* Exceptions for "RadioStar" folder in "RadioStar" target */,
			);
			path = RadioStar;
			sourceTree = "<group>";
		};
/* End PBXFileSystemSynchronizedRootGroup section */

/* Begin PBXFrameworksBuildPhase section */
		7F1E14BE2ED6A80D00D08908 /* Frameworks */ = {
			isa = PBXFrameworksBuildPhase;
			buildActionMask = 2147483647;
			files = (
				7F40ACA12F1EF716001B1EE8 /* CoreAudio.framework in Frameworks */,
				7F40AC9F2F1EF70D001B1EE8 /* AudioToolbox.framework in Frameworks */,
			);
			runOnlyForDeploymentPostprocessing = 0;
		};
/* End PBXFrameworksBuildPhase section */

/* Begin PBXGroup section */
		7F1E14B82ED6A80D00D08908 = {
			isa = PBXGroup;
			children = (
				7FC015F62F33ECDA002BADD4 /* MarqueeLabel.h */,
				7FC015F72F33ECDA002BADD4 /* MarqueeLabel.m */,
				7FC015F02F33E161002BADD4 /* MFANCGUtil.m */,
				7FC015ED2F33E0A4002BADD4 /* MFANCoreButton.h */,
				7FC015EE2F33E0A4002BADD4 /* MFANCoreButton.m */,
				7FD577FF2F1EF853002187FA /* cthread.cc */,
				7F84180B2F1EF4F000B497E8 /* radiostream.h */,
				7F84180C2F1EF4F000B497E8 /* radiostream.cc */,
				7F8418032F1EF49500B497E8 /* osp.h */,
				7F8418042F1EF49500B497E8 /* osp.cc */,
				7F8418052F1EF49500B497E8 /* ospmbuf.h */,
				7F8418062F1EF49500B497E8 /* osptimer.h */,
				7F8418072F1EF49500B497E8 /* osptimer.cc */,
				7F8418082F1EF49500B497E8 /* osptypes.h */,
				7F8418012F1EF46800B497E8 /* cthread.h */,
				7F8418022F1EF46800B497E8 /* dqueue.h */,
				7F8417FD2F1EF42E00B497E8 /* rst.h */,
				7F8417FE2F1EF42E00B497E8 /* rst.cc */,
				7F8417FF2F1EF42E00B497E8 /* rsterror.h */,
				7F8417F72F1EF40E00B497E8 /* bufgen.h */,
				7F8417F82F1EF40E00B497E8 /* bufgen.cc */,
				7F8417F92F1EF40E00B497E8 /* bufsocket.h */,
				7F8417FA2F1EF40E00B497E8 /* bufsocket.cc */,
				7F8417F32F1EF39200B497E8 /* MFANCGUtil.h */,
				7F8417F42F1EF3BD00B497E8 /* MFANSocket.h */,
				7F8417F52F1EF3BD00B497E8 /* MFANSocket.cc */,
				7F1E14C32ED6A80D00D08908 /* RadioStar */,
				7F40AC9D2F1EF70D001B1EE8 /* Frameworks */,
				7F1E14C22ED6A80D00D08908 /* Products */,
			);
			sourceTree = "<group>";
		};
		7F1E14C22ED6A80D00D08908 /* Products */ = {
			isa = PBXGroup;
			children = (
				7F1E14C12ED6A80D00D08908 /* RadioStar.app */,
			);
			name = Products;
			sourceTree = "<group>";
		};
		7F40AC9D2F1EF70D001B1EE8 /* Frameworks */ = {
			isa = PBXGroup;
			children = (
				7F40ACA02F1EF716001B1EE8 /* CoreAudio.framework */,
				7F40AC9E2F1EF70D001B1EE8 /* AudioToolbox.framework */,
			);
			name = Frameworks;
			sourceTree = "<group>";
		};
/* End PBXGroup section */

/* Begin PBXNativeTarget section */
		7F1E14C02ED6A80D00D08908 /* RadioStar */ = {
			isa = PBXNativeTarget;
			buildConfigurationList = 7F1E14D92ED6A80D00D08908 /* Build configuration list for PBXNativeTarget "RadioStar" */;
			buildPhases = (
				7F1E14BD2ED6A80D00D08908 /* Sources */,
				7F1E14BE2ED6A80D00D08908 /* Frameworks */,
				7F1E14BF2ED6A80D00D08908 /* Resources */,
			);
			buildRules = (
			);
			dependencies = (
			);
			fileSystemSynchronizedGroups = (
				7F1E14C32ED6A80D00D08908 /* RadioStar */,
			);
			name = RadioStar;
			packageProductDependencies = (
			);
			productName = RadioStar;
			productReference = 7F1E14C12ED6A80D00D08908 /* RadioStar.app */;
			productType = "com.apple.product-type.application";
		};
/* End PBXNativeTarget section */

/* Begin PBXProject section */
		7F1E14B92ED6A80D00D08908 /* Project object */ = {
			isa = PBXProject;
			attributes = {
				BuildIndependentTargetsInParallel = 1;
				LastUpgradeCheck = 2610;
				TargetAttributes = {
					7F1E14C02ED6A80D00D08908 = {
						CreatedOnToolsVersion = 26.1.1;
					};
				};
			};
			buildConfigurationList = 7F1E14BC2ED6A80D00D08908 /* Build configuration list for PBXProject "RadioStar" */;
			developmentRegion = en;
			hasScannedForEncodings = 0;
			knownRegions = (
				en,
				Base,
			);
			mainGroup = 7F1E14B82ED6A80D00D08908;
			minimizedProjectReferenceProxies = 1;
			preferredProjectObjectVersion = 77;
			productRefGroup = 7F1E14C22ED6A80D00D08908 /* Products */;
			projectDirPath = "";
			projectRoot = "";
			targets = (
				7F1E14C02ED6A80D00D08908 /* RadioStar */,
			);
		};
/* End PBXProject section */

/* Begin PBXResourcesBuildPhase section */
		7F1E14BF2ED6A80D00D08908 /* Resources */ = {
			isa = PBXResourcesBuildPhase;
			buildActionMask = 2147483647;
			files = (
			);
			runOnlyForDeploymentPostprocessing = 0;
		};
/* End PBXResourcesBuildPhase section */

/* Begin PBXSourcesBuildPhase section */
		7F1E14BD2ED6A80D00D08908 /* Sources */ = {
			isa = PBXSourcesBuildPhase;
			buildActionMask = 2147483647;
			files = (
				7FC015F82F33ECDA002BADD4 /* MarqueeLabel.m in Sources */,
				7F8417FB2F1EF40E00B497E8 /* bufsocket.cc in Sources */,
				7FC015F12F33E161002BADD4 /* MFANCGUtil.m in Sources */,
				7F8417FC2F1EF40E00B497E8 /* bufgen.cc in Sources */,
				7F84180D2F1EF4F000B497E8 /* radiostream.cc in Sources */,
				7FD578002F1EF853002187FA /* cthread.cc in Sources */,
				7F8417F62F1EF3BD00B497E8 /* MFANSocket.cc in Sources */,
				7F8418002F1EF42E00B497E8 /* rst.cc in Sources */,
				7FC015EF2F33E0A4002BADD4 /* MFANCoreButton.m in Sources */,
				7F8418092F1EF49500B497E8 /* osp.cc in Sources */,
				7F84180A2F1EF49500B497E8 /* osptimer.cc in Sources */,
			);
			runOnlyForDeploymentPostprocessing = 0;
		};
/* End PBXSourcesBuildPhase section */

/* Begin XCBuildConfiguration section */
		7F1E14DA2ED6A80D00D08908 /* Debug */ = {
			isa = XCBuildConfiguration;
			buildSettings = {
				ASSETCATALOG_COMPILER_APPICON_NAME = AppIcon;
				ASSETCATALOG_COMPILER_GLOBAL_ACCENT_COLOR_NAME = AccentColor;
				CODE_SIGN_STYLE = Automatic;
				CURRENT_PROJECT_VERSION = 1;
				DEVELOPMENT_TEAM = 5Q64UZQ97C;
				GENERATE_INFOPLIST_FILE = YES;
				INFOPLIST_FILE = RadioStar/Info.plist;
				INFOPLIST_KEY_UIApplicationSupportsIndirectInputEvents = YES;
				INFOPLIST_KEY_UILaunchStoryboardName = LaunchScreen;
				INFOPLIST_KEY_UIStatusBarStyle = "";
				INFOPLIST_KEY_UISupportedInterfaceOrientations = "UIInterfaceOrientationPortrait UIInterfaceOrientationPortraitUpsideDown";
				LD_RUNPATH_SEARCH_PATHS = (
					"$(inherited)",
					"@executable_path/Frameworks",
				);
				MARKETING_VERSION = 1.0;
				PRODUCT_BUNDLE_IDENTIFIER = com.Cazamar.RadioStar;
				PRODUCT_NAME = "$(TARGET_NAME)";
				STRING_CATALOG_GENERATE_SYMBOLS = YES;
				SWIFT_EMIT_LOC_STRINGS = YES;
				TARGETED_DEVICE_FAMILY = "1,2";
			};
			name = Debug;
		};
		7F1E14DB2ED6A80D00D08908 /* Release */ = {
			isa = XCBuildConfiguration;
			buildSettings = {
				ASSETCATALOG_COMPILER_APPICON_NAME = AppIcon;
				ASSETCATALOG_COMPILER_GLOBAL_ACCENT_COLOR_NAME = AccentColor;
				CODE_SIGN_STYLE = Automatic;
				CURRENT_PROJECT_VERSION = 1;
				DEVELOPMENT_TEAM = 5Q64UZQ97C;
				GENERATE_INFOPLIST_FILE = YES;
				INFOPLIST_FILE = RadioStar/Info.plist;
				INFOPLIST_KEY_UIApplicationSupportsIndirectInputEvents = YES;
				INFOPLIST_KEY_UILaunchStoryboardName = LaunchScreen;
				INFOPLIST_KEY_UIStatusBarStyle = "";
				INFOPLIST_KEY_UISupportedInterfaceOrientations = "UIInterfaceOrientationPortrait UIInterfaceOrientationPortraitUpsideDown";
				LD_RUNPATH_SEARCH_PATHS = (
					"$(inherited)",
					"@executable_path/Frameworks",
				);
				MARKETING_VERSION = 1.0;
				PRODUCT_BUNDLE_IDENTIFIER = com.Cazamar.RadioStar;
				PRODUCT_NAME = "$(TARGET_NAME)";
				STRING_CATALOG_GENERATE_SYMBOLS = YES;
				SWIFT_EMIT_LOC_STRINGS = YES;
				TARGETED_DEVICE_FAMILY = "1,2";
			};
			name = Release;
		};
		7F1E14DC2ED6A80D00D08908 /* Debug */ = {
			isa = XCBuildConfiguration;
			buildSettings = {
				ALWAYS_SEARCH_USER_PATHS = NO;
				ASSETCATALOG_COMPILER_GENERATE_SWIFT_ASSET_SYMBOL_EXTENSIONS = YES;
				CLANG_ANALYZER_NONNULL = YES;
				CLANG_ANALYZER_NUMBER_OBJECT_CONVERSION = YES_AGGRESSIVE;
				CLANG_CXX_LANGUAGE_STANDARD = "gnu++20";
				CLANG_ENABLE_MODULES = YES;
				CLANG_ENABLE_OBJC_ARC = YES;
				CLANG_ENABLE_OBJC_WEAK = YES;
				CLANG_WARN_BLOCK_CAPTURE_AUTORELEASING = YES;
				CLANG_WARN_BOOL_CONVERSION = YES;
				CLANG_WARN_COMMA = YES;
				CLANG_WARN_CONSTANT_CONVERSION = YES;
				CLANG_WARN_DEPRECATED_OBJC_IMPLEMENTATIONS = YES;
				CLANG_WARN_DIRECT_OBJC_ISA_USAGE = YES_ERROR;
				CLANG_WARN_DOCUMENTATION_COMMENTS = YES;
				CLANG_WARN_EMPTY_BODY = YES;
				CLANG_WARN_ENUM_CONVERSION = YES;
				CLANG_WARN_INFINITE_RECURSION = YES;
				CLANG_WARN_INT_CONVERSION = YES;
				CLANG_WARN_NON_LITERAL_NULL_CONVERSION = YES;
				CLANG_WARN_OBJC_IMPLICIT_RETAIN_SELF = YES;
				CLANG_WARN_OBJC_LITERAL_CONVERSION = YES;
				CLANG_WARN_OBJC_ROOT_CLASS = YES_ERROR;
				CLANG_WARN_QUOTED_INCLUDE_IN_FRAMEWORK_HEADER = YES;
				CLANG_WARN_RANGE_LOOP_ANALYSIS = YES;
				CLANG_WARN_STRICT_PROTOTYPES = YES;
				CLANG_WARN_SUSPICIOUS_MOVE = YES;
				CLANG_WARN_UNGUARDED_AVAILABILITY = YES_AGGRESSIVE;
				CLANG_WARN_UNREACHABLE_CODE = YES;
				CLANG_WARN__DUPLICATE_METHOD_MATCH = YES;
				COPY_PHASE_STRIP = NO;
				DEBUG_INFORMATION_FORMAT = dwarf;
				DEVELOPMENT_TEAM = 5Q64UZQ97C;
				ENABLE_STRICT_OBJC_MSGSEND = YES;
				ENABLE_TESTABILITY = YES;
				ENABLE_USER_SCRIPT_SANDBOXING = YES;
				GCC_C_LANGUAGE_STANDARD = gnu17;
				GCC_DYNAMIC_NO_PIC = NO;
				GCC_NO_COMMON_BLOCKS = YES;
				GCC_OPTIMIZATION_LEVEL = 0;
				GCC_PREPROCESSOR_DEFINITIONS = (
					"DEBUG=1",
					"$(inherited)",
				);
				GCC_WARN_64_TO_32_BIT_CONVERSION = YES;
				GCC_WARN_ABOUT_RETURN_TYPE = YES_ERROR;
				GCC_WARN_UNDECLARED_SELECTOR = YES;
				GCC_WARN_UNINITIALIZED_AUTOS = YES_AGGRESSIVE;
				GCC_WARN_UNUSED_FUNCTION = YES;
				GCC_WARN_UNUSED_VARIABLE = YES;
				IPHONEOS_DEPLOYMENT_TARGET = 26.1;
				LOCALIZATION_PREFERS_STRING_CATALOGS = YES;
				MTL_ENABLE_DEBUG_INFO = INCLUDE_SOURCE;
				MTL_FAST_MATH = YES;
				ONLY_ACTIVE_ARCH = YES;
				SDKROOT = iphoneos;
			};
			name = Debug;
		};
		7F1E14DD2ED6A80D00D08908 /* Release */ = {
			isa = XCBuildConfiguration;
			buildSettings = {
				ALWAYS_SEARCH_USER_PATHS = NO;
				ASSETCATALOG_COMPILER_GENERATE_SWIFT_ASSET_SYMBOL_EXTENSIONS = YES;
				CLANG_ANALYZER_NONNULL = YES;
				CLANG_ANALYZER_NUMBER_OBJECT_CONVERSION = YES_AGGRESSIVE;
				CLANG_CXX_LANGUAGE_STANDARD = "gnu++20";
				CLANG_ENABLE_MODULES = YES;
				CLANG_ENABLE_OBJC_ARC = YES;
				CLANG_ENABLE_OBJC_WEAK = YES;
				CLANG_WARN_BLOCK_CAPTURE_AUTORELEASING = YES;
				CLANG_WARN_BOOL_CONVERSION = YES;
				CLANG_WARN_COMMA = YES;
				CLANG_WARN_CONSTANT_CONVERSION = YES;
				CLANG_WARN_DEPRECATED_OBJC_IMPLEMENTATIONS = YES;
				CLANG_WARN_DIRECT_OBJC_ISA_USAGE = YES_ERROR;
				CLANG_WARN_DOCUMENTATION_COMMENTS = YES;
				CLANG_WARN_EMPTY_BODY = YES;
				CLANG_WARN_ENUM_CONVERSION = YES;
				CLANG_WARN_INFINITE_RECURSION = YES;
				CLANG_WARN_INT_CONVERSION = YES;
				CLANG_WARN_NON_LITERAL_NULL_CONVERSION = YES;
				CLANG_WARN_OBJC_IMPLICIT_RETAIN_SELF = YES;
				CLANG_WARN_OBJC_LITERAL_CONVERSION = YES;
				CLANG_WARN_OBJC_ROOT_CLASS = YES_ERROR;
				CLANG_WARN_QUOTED_INCLUDE_IN_FRAMEWORK_HEADER = YES;
				CLANG_WARN_RANGE_LOOP_ANALYSIS = YES;
				CLANG_WARN_STRICT_PROTOTYPES = YES;
				CLANG_WARN_SUSPICIOUS_MOVE = YES;
				CLANG_WARN_UNGUARDED_AVAILABILITY = YES_AGGRESSIVE;
				CLANG_WARN_UNREACHABLE_CODE = YES;
				CLANG_WARN__DUPLICATE_METHOD_MATCH = YES;
				COPY_PHASE_STRIP = NO;
				DEBUG_INFORMATION_FORMAT = "dwarf-with-dsym";
				DEVELOPMENT_TEAM = 5Q64UZQ97C;
				ENABLE_NS_ASSERTIONS = NO;
				ENABLE_STRICT_OBJC_MSGSEND = YES;
				ENABLE_USER_SCRIPT_SANDBOXING = YES;
				GCC_C_LANGUAGE_STANDARD = gnu17;
				GCC_NO_COMMON_BLOCKS = YES;
				GCC_WARN_64_TO_32_BIT_CONVERSION = YES;
				GCC_WARN_ABOUT_RETURN_TYPE = YES_ERROR;
				GCC_WARN_UNDECLARED_SELECTOR = YES;
				GCC_WARN_UNINITIALIZED_AUTOS = YES_AGGRESSIVE;
				GCC_WARN_UNUSED_FUNCTION = YES;
				GCC_WARN_UNUSED_VARIABLE = YES;
				IPHONEOS_DEPLOYMENT_TARGET = 26.1;
				LOCALIZATION_PREFERS_STRING_CATALOGS = YES;
				MTL_ENABLE_DEBUG_INFO = NO;
				MTL_FAST_MATH = YES;
				SDKROOT = iphoneos;
				VALIDATE_PRODUCT = YES;
			};
			name = Release;
		};
/* End XCBuildConfiguration section */

/* Begin XCConfigurationList section */
		7F1E14BC2ED6A80D00D08908 /* Build configuration list for PBXProject "RadioStar" */ = {
			isa = XCConfigurationList;
			buildConfigurations = (
				7F1E14DC2ED6A80D00D08908 /* Debug */,
				7F1E14DD2ED6A80D00D08908 /* Release */,
			);
			defaultConfigurationIsVisible = 0;
			defaultConfigurationName = Release;
		};
		7F1E14D92ED6A80D00D08908 /* Build configuration list for PBXNativeTarget "RadioStar" */ = {
			isa = XCConfigurationList;
			buildConfigurations = (
				7F1E14DA2ED6A80D00D08908 /* Debug */,
				7F1E14DB2ED6A80D00D08908 /* Release */,
			);
			defaultConfigurationIsVisible = 0;
			defaultConfigurationName = Release;
		};
/* End XCConfigurationList section */
	};
	rootObject = 7F1E14B92ED6A80D00D08908 /* Project object */;
}
