// !$*UTF8*$!
{
	archiveVersion = 1;
	classes = {
	};
	objectVersion = 50;
	objects = {

/* Begin PBXBuildFile section */
		7F16E456211EFEB3008B35D7 /* libupload.a in Frameworks */ = {isa = PBXBuildFile; fileRef = 7F16E455211EFEB2008B35D7 /* libupload.a */; };
		7F2F8CAC211F06E4001B9C13 /* upobj.mm in Sources */ = {isa = PBXBuildFile; fileRef = 7F2F8CAB211F06E4001B9C13 /* upobj.mm */; };
		7F2F8CAF211F2D7A001B9C13 /* liblfs.a in Frameworks */ = {isa = PBXBuildFile; fileRef = 7F2F8CAE211F2D7A001B9C13 /* liblfs.a */; };
		7F5037BB20E4FE140046A2A3 /* AppDelegate.m in Sources */ = {isa = PBXBuildFile; fileRef = 7F5037BA20E4FE140046A2A3 /* AppDelegate.m */; };
		7F5037BD20E4FE160046A2A3 /* Assets.xcassets in Resources */ = {isa = PBXBuildFile; fileRef = 7F5037BC20E4FE160046A2A3 /* Assets.xcassets */; };
		7F5037C020E4FE160046A2A3 /* MainMenu.xib in Resources */ = {isa = PBXBuildFile; fileRef = 7F5037BE20E4FE160046A2A3 /* MainMenu.xib */; };
		7F5037C320E4FE160046A2A3 /* main.m in Sources */ = {isa = PBXBuildFile; fileRef = 7F5037C220E4FE160046A2A3 /* main.m */; };
		7F5A3AAB20E50A78009A2FBC /* libssl.a in Frameworks */ = {isa = PBXBuildFile; fileRef = 7F5A3AA920E50A78009A2FBC /* libssl.a */; };
		7F5A3AAC20E50A78009A2FBC /* libcrypto.a in Frameworks */ = {isa = PBXBuildFile; fileRef = 7F5A3AAA20E50A78009A2FBC /* libcrypto.a */; };
		7F5A3AB120E50AF1009A2FBC /* libext.a in Frameworks */ = {isa = PBXBuildFile; fileRef = 7F5A3AAD20E50AF1009A2FBC /* libext.a */; };
		7F5A3AB220E50AF1009A2FBC /* libcfs.a in Frameworks */ = {isa = PBXBuildFile; fileRef = 7F5A3AAE20E50AF1009A2FBC /* libcfs.a */; };
		7F5A3AB320E50AF1009A2FBC /* librst.a in Frameworks */ = {isa = PBXBuildFile; fileRef = 7F5A3AAF20E50AF1009A2FBC /* librst.a */; };
		7F5A3AB420E50AF1009A2FBC /* libcore.a in Frameworks */ = {isa = PBXBuildFile; fileRef = 7F5A3AB020E50AF1009A2FBC /* libcore.a */; };
		7F5A3AB620E5147C009A2FBC /* status.png in Resources */ = {isa = PBXBuildFile; fileRef = 7F5A3AB520E5147C009A2FBC /* status.png */; };
		7F5AF95620E502F6006291A3 /* login-apple.html in Resources */ = {isa = PBXBuildFile; fileRef = 7F5AF94B20E502F6006291A3 /* login-apple.html */; };
		7F5AF95820E502F6006291A3 /* login-ms.html in Resources */ = {isa = PBXBuildFile; fileRef = 7F5AF94D20E502F6006291A3 /* login-ms.html */; };
		7F5AF95A20E502F6006291A3 /* login-home.html in Resources */ = {isa = PBXBuildFile; fileRef = 7F5AF95420E502F6006291A3 /* login-home.html */; };
		7F5AF95B20E502F6006291A3 /* login-logout.html in Resources */ = {isa = PBXBuildFile; fileRef = 7F5AF95520E502F6006291A3 /* login-logout.html */; };
		7F5AF96120E5032B006291A3 /* test_key.pem in Resources */ = {isa = PBXBuildFile; fileRef = 7F5AF95D20E5032B006291A3 /* test_key.pem */; };
		7F5AF96220E5032B006291A3 /* test_cert.pem in Resources */ = {isa = PBXBuildFile; fileRef = 7F5AF95F20E5032B006291A3 /* test_cert.pem */; };
		7FCE2AF3231E71FF00C73EC8 /* upload-pics.html in Resources */ = {isa = PBXBuildFile; fileRef = 7FCE2AF2231E71FF00C73EC8 /* upload-pics.html */; };
		7FE759F320E504FA00C24546 /* ViewController.mm in Sources */ = {isa = PBXBuildFile; fileRef = 7FE759F120E504FA00C24546 /* ViewController.mm */; };
		7FFB5EC6211F3026001C7730 /* upload-home.html in Resources */ = {isa = PBXBuildFile; fileRef = 7FFB5EC1211F3025001C7730 /* upload-home.html */; };
		7FFB5EC7211F3026001C7730 /* upload-start.html in Resources */ = {isa = PBXBuildFile; fileRef = 7FFB5EC2211F3025001C7730 /* upload-start.html */; };
		7FFB5EC8211F3026001C7730 /* upload-stop.html in Resources */ = {isa = PBXBuildFile; fileRef = 7FFB5EC3211F3026001C7730 /* upload-stop.html */; };
		7FFB5EC9211F3026001C7730 /* upload-add.html in Resources */ = {isa = PBXBuildFile; fileRef = 7FFB5EC4211F3026001C7730 /* upload-add.html */; };
		7FFB5ECA211F3026001C7730 /* upload-pause.html in Resources */ = {isa = PBXBuildFile; fileRef = 7FFB5EC5211F3026001C7730 /* upload-pause.html */; };
		7FFD45D821455D6500075A30 /* upload-info.html in Resources */ = {isa = PBXBuildFile; fileRef = 7FFD45D721455D6400075A30 /* upload-info.html */; };
/* End PBXBuildFile section */

/* Begin PBXFileReference section */
		7F16E455211EFEB2008B35D7 /* libupload.a */ = {isa = PBXFileReference; lastKnownFileType = archive.ar; name = libupload.a; path = ../lib/libupload.a; sourceTree = "<group>"; };
		7F2F8CAA211F06E4001B9C13 /* upobj.h */ = {isa = PBXFileReference; fileEncoding = 4; lastKnownFileType = sourcecode.c.h; path = upobj.h; sourceTree = "<group>"; };
		7F2F8CAB211F06E4001B9C13 /* upobj.mm */ = {isa = PBXFileReference; fileEncoding = 4; lastKnownFileType = sourcecode.cpp.objcpp; path = upobj.mm; sourceTree = "<group>"; };
		7F2F8CAD211F0716001B9C13 /* upload.h */ = {isa = PBXFileReference; fileEncoding = 4; lastKnownFileType = sourcecode.c.h; name = upload.h; path = ../../include/upload.h; sourceTree = "<group>"; };
		7F2F8CAE211F2D7A001B9C13 /* liblfs.a */ = {isa = PBXFileReference; lastKnownFileType = archive.ar; name = liblfs.a; path = ../lib/liblfs.a; sourceTree = "<group>"; };
		7F5037B620E4FE140046A2A3 /* Kite.app */ = {isa = PBXFileReference; explicitFileType = wrapper.application; includeInIndex = 0; path = Kite.app; sourceTree = BUILT_PRODUCTS_DIR; };
		7F5037B920E4FE140046A2A3 /* AppDelegate.h */ = {isa = PBXFileReference; lastKnownFileType = sourcecode.c.h; path = AppDelegate.h; sourceTree = "<group>"; };
		7F5037BA20E4FE140046A2A3 /* AppDelegate.m */ = {isa = PBXFileReference; lastKnownFileType = sourcecode.c.objc; path = AppDelegate.m; sourceTree = "<group>"; };
		7F5037BC20E4FE160046A2A3 /* Assets.xcassets */ = {isa = PBXFileReference; lastKnownFileType = folder.assetcatalog; path = Assets.xcassets; sourceTree = "<group>"; };
		7F5037BF20E4FE160046A2A3 /* Base */ = {isa = PBXFileReference; lastKnownFileType = file.xib; name = Base; path = Base.lproj/MainMenu.xib; sourceTree = "<group>"; };
		7F5037C120E4FE160046A2A3 /* Info.plist */ = {isa = PBXFileReference; lastKnownFileType = text.plist.xml; path = Info.plist; sourceTree = "<group>"; };
		7F5037C220E4FE160046A2A3 /* main.m */ = {isa = PBXFileReference; lastKnownFileType = sourcecode.c.objc; path = main.m; sourceTree = "<group>"; };
		7F5037C420E4FE160046A2A3 /* Upload.entitlements */ = {isa = PBXFileReference; lastKnownFileType = text.plist.entitlements; path = Upload.entitlements; sourceTree = "<group>"; };
		7F54B4312144D6E60096FF11 /* osptimer.h */ = {isa = PBXFileReference; fileEncoding = 4; lastKnownFileType = sourcecode.c.h; name = osptimer.h; path = ../../rpc/osptimer.h; sourceTree = "<group>"; };
		7F5A3AA920E50A78009A2FBC /* libssl.a */ = {isa = PBXFileReference; lastKnownFileType = archive.ar; name = libssl.a; path = ../../../../usr/local/ssl/lib/libssl.a; sourceTree = "<group>"; };
		7F5A3AAA20E50A78009A2FBC /* libcrypto.a */ = {isa = PBXFileReference; lastKnownFileType = archive.ar; name = libcrypto.a; path = ../../../../usr/local/ssl/lib/libcrypto.a; sourceTree = "<group>"; };
		7F5A3AAD20E50AF1009A2FBC /* libext.a */ = {isa = PBXFileReference; lastKnownFileType = archive.ar; name = libext.a; path = ../lib/libext.a; sourceTree = "<group>"; };
		7F5A3AAE20E50AF1009A2FBC /* libcfs.a */ = {isa = PBXFileReference; lastKnownFileType = archive.ar; name = libcfs.a; path = ../lib/libcfs.a; sourceTree = "<group>"; };
		7F5A3AAF20E50AF1009A2FBC /* librst.a */ = {isa = PBXFileReference; lastKnownFileType = archive.ar; name = librst.a; path = ../lib/librst.a; sourceTree = "<group>"; };
		7F5A3AB020E50AF1009A2FBC /* libcore.a */ = {isa = PBXFileReference; lastKnownFileType = archive.ar; name = libcore.a; path = ../lib/libcore.a; sourceTree = "<group>"; };
		7F5A3AB520E5147C009A2FBC /* status.png */ = {isa = PBXFileReference; lastKnownFileType = image.png; path = status.png; sourceTree = "<group>"; };
		7F5AF93F20E5026B006291A3 /* json.h */ = {isa = PBXFileReference; fileEncoding = 4; lastKnownFileType = sourcecode.c.h; name = json.h; path = ../../rpc/json.h; sourceTree = "<group>"; };
		7F5AF94020E5026B006291A3 /* dqueue.h */ = {isa = PBXFileReference; fileEncoding = 4; lastKnownFileType = sourcecode.c.h; name = dqueue.h; path = ../../rpc/dqueue.h; sourceTree = "<group>"; };
		7F5AF94120E5026B006291A3 /* osptypes.h */ = {isa = PBXFileReference; fileEncoding = 4; lastKnownFileType = sourcecode.c.h; name = osptypes.h; path = ../../rpc/osptypes.h; sourceTree = "<group>"; };
		7F5AF94220E5026B006291A3 /* rpc.h */ = {isa = PBXFileReference; fileEncoding = 4; lastKnownFileType = sourcecode.c.h; name = rpc.h; path = ../../rpc/rpc.h; sourceTree = "<group>"; };
		7F5AF94320E5026B006291A3 /* osp.h */ = {isa = PBXFileReference; fileEncoding = 4; lastKnownFileType = sourcecode.c.h; name = osp.h; path = ../../rpc/osp.h; sourceTree = "<group>"; };
		7F5AF94420E5026B006291A3 /* ospmbuf.h */ = {isa = PBXFileReference; fileEncoding = 4; lastKnownFileType = sourcecode.c.h; name = ospmbuf.h; path = ../../rpc/ospmbuf.h; sourceTree = "<group>"; };
		7F5AF94520E5026B006291A3 /* xgml.h */ = {isa = PBXFileReference; fileEncoding = 4; lastKnownFileType = sourcecode.c.h; name = xgml.h; path = ../../rpc/xgml.h; sourceTree = "<group>"; };
		7F5AF94620E5026B006291A3 /* sdr.h */ = {isa = PBXFileReference; fileEncoding = 4; lastKnownFileType = sourcecode.c.h; name = sdr.h; path = ../../rpc/sdr.h; sourceTree = "<group>"; };
		7F5AF94720E5026B006291A3 /* cthread.h */ = {isa = PBXFileReference; fileEncoding = 4; lastKnownFileType = sourcecode.c.h; name = cthread.h; path = ../../rpc/cthread.h; sourceTree = "<group>"; };
		7F5AF94820E502F5006291A3 /* buftls.h */ = {isa = PBXFileReference; fileEncoding = 4; lastKnownFileType = sourcecode.c.h; name = buftls.h; path = ../../mfand/buftls.h; sourceTree = "<group>"; };
		7F5AF94920E502F6006291A3 /* oaxmalloc.h */ = {isa = PBXFileReference; fileEncoding = 4; lastKnownFileType = sourcecode.c.h; name = oaxmalloc.h; path = ../../mfand/oaxmalloc.h; sourceTree = "<group>"; };
		7F5AF94A20E502F6006291A3 /* oasha1.h */ = {isa = PBXFileReference; fileEncoding = 4; lastKnownFileType = sourcecode.c.h; name = oasha1.h; path = ../../mfand/oasha1.h; sourceTree = "<group>"; };
		7F5AF94B20E502F6006291A3 /* login-apple.html */ = {isa = PBXFileReference; fileEncoding = 4; lastKnownFileType = text.html; name = "login-apple.html"; path = "../../mfand/login-apple.html"; sourceTree = "<group>"; };
		7F5AF94D20E502F6006291A3 /* login-ms.html */ = {isa = PBXFileReference; fileEncoding = 4; lastKnownFileType = text.html; name = "login-ms.html"; path = "../../mfand/login-ms.html"; sourceTree = "<group>"; };
		7F5AF94E20E502F6006291A3 /* cfs.h */ = {isa = PBXFileReference; fileEncoding = 4; lastKnownFileType = sourcecode.c.h; name = cfs.h; path = ../../mfand/cfs.h; sourceTree = "<group>"; };
		7F5AF94F20E502F6006291A3 /* bufsocket.h */ = {isa = PBXFileReference; fileEncoding = 4; lastKnownFileType = sourcecode.c.h; name = bufsocket.h; path = ../../mfand/bufsocket.h; sourceTree = "<group>"; };
		7F5AF95120E502F6006291A3 /* bufgen.h */ = {isa = PBXFileReference; fileEncoding = 4; lastKnownFileType = sourcecode.c.h; name = bufgen.h; path = ../../mfand/bufgen.h; sourceTree = "<group>"; };
		7F5AF95220E502F6006291A3 /* cfsms.h */ = {isa = PBXFileReference; fileEncoding = 4; lastKnownFileType = sourcecode.c.h; name = cfsms.h; path = ../../mfand/cfsms.h; sourceTree = "<group>"; };
		7F5AF95320E502F6006291A3 /* oauth.h */ = {isa = PBXFileReference; fileEncoding = 4; lastKnownFileType = sourcecode.c.h; name = oauth.h; path = ../../mfand/oauth.h; sourceTree = "<group>"; };
		7F5AF95420E502F6006291A3 /* login-home.html */ = {isa = PBXFileReference; fileEncoding = 4; lastKnownFileType = text.html; name = "login-home.html"; path = "../../mfand/login-home.html"; sourceTree = "<group>"; };
		7F5AF95520E502F6006291A3 /* login-logout.html */ = {isa = PBXFileReference; fileEncoding = 4; lastKnownFileType = text.html; name = "login-logout.html"; path = "../../mfand/login-logout.html"; sourceTree = "<group>"; };
		7F5AF95C20E5032A006291A3 /* rst.h */ = {isa = PBXFileReference; fileEncoding = 4; lastKnownFileType = sourcecode.c.h; name = rst.h; path = ../../mfand/rst.h; sourceTree = "<group>"; };
		7F5AF95D20E5032B006291A3 /* test_key.pem */ = {isa = PBXFileReference; fileEncoding = 4; lastKnownFileType = text; name = test_key.pem; path = ../../mfand/test_key.pem; sourceTree = "<group>"; };
		7F5AF95E20E5032B006291A3 /* sapilogin.h */ = {isa = PBXFileReference; fileEncoding = 4; lastKnownFileType = sourcecode.c.h; name = sapilogin.h; path = ../../mfand/sapilogin.h; sourceTree = "<group>"; };
		7F5AF95F20E5032B006291A3 /* test_cert.pem */ = {isa = PBXFileReference; fileEncoding = 4; lastKnownFileType = text; name = test_cert.pem; path = ../../mfand/test_cert.pem; sourceTree = "<group>"; };
		7F5AF96020E5032B006291A3 /* sapi.h */ = {isa = PBXFileReference; fileEncoding = 4; lastKnownFileType = sourcecode.c.h; name = sapi.h; path = ../../mfand/sapi.h; sourceTree = "<group>"; };
		7FCE2AF2231E71FF00C73EC8 /* upload-pics.html */ = {isa = PBXFileReference; fileEncoding = 4; lastKnownFileType = text.html; name = "upload-pics.html"; path = "../../mfand/upload-pics.html"; sourceTree = "<group>"; };
		7FE759F020E504FA00C24546 /* ViewController.h */ = {isa = PBXFileReference; fileEncoding = 4; lastKnownFileType = sourcecode.c.h; path = ViewController.h; sourceTree = "<group>"; };
		7FE759F120E504FA00C24546 /* ViewController.mm */ = {isa = PBXFileReference; fileEncoding = 4; lastKnownFileType = sourcecode.cpp.objcpp; path = ViewController.mm; sourceTree = "<group>"; };
		7FFB5EC1211F3025001C7730 /* upload-home.html */ = {isa = PBXFileReference; fileEncoding = 4; lastKnownFileType = text.html; name = "upload-home.html"; path = "../../mfand/upload-home.html"; sourceTree = "<group>"; };
		7FFB5EC2211F3025001C7730 /* upload-start.html */ = {isa = PBXFileReference; fileEncoding = 4; lastKnownFileType = text.html; name = "upload-start.html"; path = "../../mfand/upload-start.html"; sourceTree = "<group>"; };
		7FFB5EC3211F3026001C7730 /* upload-stop.html */ = {isa = PBXFileReference; fileEncoding = 4; lastKnownFileType = text.html; name = "upload-stop.html"; path = "../../mfand/upload-stop.html"; sourceTree = "<group>"; };
		7FFB5EC4211F3026001C7730 /* upload-add.html */ = {isa = PBXFileReference; fileEncoding = 4; lastKnownFileType = text.html; name = "upload-add.html"; path = "../../mfand/upload-add.html"; sourceTree = "<group>"; };
		7FFB5EC5211F3026001C7730 /* upload-pause.html */ = {isa = PBXFileReference; fileEncoding = 4; lastKnownFileType = text.html; name = "upload-pause.html"; path = "../../mfand/upload-pause.html"; sourceTree = "<group>"; };
		7FFD45D721455D6400075A30 /* upload-info.html */ = {isa = PBXFileReference; fileEncoding = 4; lastKnownFileType = text.html; name = "upload-info.html"; path = "../../mfand/upload-info.html"; sourceTree = "<group>"; };
/* End PBXFileReference section */

/* Begin PBXFrameworksBuildPhase section */
		7F5037B320E4FE140046A2A3 /* Frameworks */ = {
			isa = PBXFrameworksBuildPhase;
			buildActionMask = 2147483647;
			files = (
				7F2F8CAF211F2D7A001B9C13 /* liblfs.a in Frameworks */,
				7F16E456211EFEB3008B35D7 /* libupload.a in Frameworks */,
				7F5A3AB120E50AF1009A2FBC /* libext.a in Frameworks */,
				7F5A3AB220E50AF1009A2FBC /* libcfs.a in Frameworks */,
				7F5A3AB320E50AF1009A2FBC /* librst.a in Frameworks */,
				7F5A3AB420E50AF1009A2FBC /* libcore.a in Frameworks */,
				7F5A3AAB20E50A78009A2FBC /* libssl.a in Frameworks */,
				7F5A3AAC20E50A78009A2FBC /* libcrypto.a in Frameworks */,
			);
			runOnlyForDeploymentPostprocessing = 0;
		};
/* End PBXFrameworksBuildPhase section */

/* Begin PBXGroup section */
		7F5037AD20E4FE140046A2A3 = {
			isa = PBXGroup;
			children = (
				7F5037B820E4FE140046A2A3 /* Upload */,
				7F5037B720E4FE140046A2A3 /* Products */,
				7F5A3AA820E50A78009A2FBC /* Frameworks */,
			);
			sourceTree = "<group>";
		};
		7F5037B720E4FE140046A2A3 /* Products */ = {
			isa = PBXGroup;
			children = (
				7F5037B620E4FE140046A2A3 /* Kite.app */,
			);
			name = Products;
			sourceTree = "<group>";
		};
		7F5037B820E4FE140046A2A3 /* Upload */ = {
			isa = PBXGroup;
			children = (
				7F5AF93E20E501FF006291A3 /* rpc */,
				7F5AF93C20E501DD006291A3 /* mfand */,
				7F5037B920E4FE140046A2A3 /* AppDelegate.h */,
				7F5037BA20E4FE140046A2A3 /* AppDelegate.m */,
				7F5A3AB520E5147C009A2FBC /* status.png */,
				7F2F8CAA211F06E4001B9C13 /* upobj.h */,
				7F2F8CAB211F06E4001B9C13 /* upobj.mm */,
				7FE759F020E504FA00C24546 /* ViewController.h */,
				7FE759F120E504FA00C24546 /* ViewController.mm */,
				7F5037BC20E4FE160046A2A3 /* Assets.xcassets */,
				7F5037BE20E4FE160046A2A3 /* MainMenu.xib */,
				7F5037C120E4FE160046A2A3 /* Info.plist */,
				7F5037C220E4FE160046A2A3 /* main.m */,
				7F5037C420E4FE160046A2A3 /* Upload.entitlements */,
			);
			path = Upload;
			sourceTree = "<group>";
		};
		7F5A3AA820E50A78009A2FBC /* Frameworks */ = {
			isa = PBXGroup;
			children = (
				7F2F8CAE211F2D7A001B9C13 /* liblfs.a */,
				7F16E455211EFEB2008B35D7 /* libupload.a */,
				7F5A3AAE20E50AF1009A2FBC /* libcfs.a */,
				7F5A3AB020E50AF1009A2FBC /* libcore.a */,
				7F5A3AAD20E50AF1009A2FBC /* libext.a */,
				7F5A3AAF20E50AF1009A2FBC /* librst.a */,
				7F5A3AAA20E50A78009A2FBC /* libcrypto.a */,
				7F5A3AA920E50A78009A2FBC /* libssl.a */,
			);
			name = Frameworks;
			sourceTree = "<group>";
		};
		7F5AF93C20E501DD006291A3 /* mfand */ = {
			isa = PBXGroup;
			children = (
				7F5AF95120E502F6006291A3 /* bufgen.h */,
				7F5AF94F20E502F6006291A3 /* bufsocket.h */,
				7F5AF94820E502F5006291A3 /* buftls.h */,
				7F5AF94E20E502F6006291A3 /* cfs.h */,
				7F5AF95220E502F6006291A3 /* cfsms.h */,
				7F5AF94B20E502F6006291A3 /* login-apple.html */,
				7F5AF95420E502F6006291A3 /* login-home.html */,
				7F5AF95520E502F6006291A3 /* login-logout.html */,
				7F5AF94D20E502F6006291A3 /* login-ms.html */,
				7F5AF94A20E502F6006291A3 /* oasha1.h */,
				7F5AF95320E502F6006291A3 /* oauth.h */,
				7F5AF94920E502F6006291A3 /* oaxmalloc.h */,
				7F5AF95C20E5032A006291A3 /* rst.h */,
				7F5AF96020E5032B006291A3 /* sapi.h */,
				7F5AF95E20E5032B006291A3 /* sapilogin.h */,
				7F5AF95F20E5032B006291A3 /* test_cert.pem */,
				7F5AF95D20E5032B006291A3 /* test_key.pem */,
				7F2F8CAD211F0716001B9C13 /* upload.h */,
				7FFB5EC4211F3026001C7730 /* upload-add.html */,
				7FFB5EC1211F3025001C7730 /* upload-home.html */,
				7FFD45D721455D6400075A30 /* upload-info.html */,
				7FFB5EC5211F3026001C7730 /* upload-pause.html */,
				7FFB5EC2211F3025001C7730 /* upload-start.html */,
				7FCE2AF2231E71FF00C73EC8 /* upload-pics.html */,
				7FFB5EC3211F3026001C7730 /* upload-stop.html */,
			);
			name = mfand;
			sourceTree = "<group>";
		};
		7F5AF93E20E501FF006291A3 /* rpc */ = {
			isa = PBXGroup;
			children = (
				7F5AF94720E5026B006291A3 /* cthread.h */,
				7F5AF94020E5026B006291A3 /* dqueue.h */,
				7F5AF93F20E5026B006291A3 /* json.h */,
				7F5AF94320E5026B006291A3 /* osp.h */,
				7F5AF94420E5026B006291A3 /* ospmbuf.h */,
				7F54B4312144D6E60096FF11 /* osptimer.h */,
				7F5AF94120E5026B006291A3 /* osptypes.h */,
				7F5AF94220E5026B006291A3 /* rpc.h */,
				7F5AF94620E5026B006291A3 /* sdr.h */,
				7F5AF94520E5026B006291A3 /* xgml.h */,
			);
			name = rpc;
			sourceTree = "<group>";
		};
/* End PBXGroup section */

/* Begin PBXNativeTarget section */
		7F5037B520E4FE140046A2A3 /* Kite */ = {
			isa = PBXNativeTarget;
			buildConfigurationList = 7F5037C720E4FE160046A2A3 /* Build configuration list for PBXNativeTarget "Kite" */;
			buildPhases = (
				7F5037B220E4FE140046A2A3 /* Sources */,
				7F5037B320E4FE140046A2A3 /* Frameworks */,
				7F5037B420E4FE140046A2A3 /* Resources */,
			);
			buildRules = (
			);
			dependencies = (
			);
			name = Kite;
			productName = Upload;
			productReference = 7F5037B620E4FE140046A2A3 /* Kite.app */;
			productType = "com.apple.product-type.application";
		};
/* End PBXNativeTarget section */

/* Begin PBXProject section */
		7F5037AE20E4FE140046A2A3 /* Project object */ = {
			isa = PBXProject;
			attributes = {
				LastUpgradeCheck = 0940;
				ORGANIZATIONNAME = "Mike Kazar";
				TargetAttributes = {
					7F5037B520E4FE140046A2A3 = {
						CreatedOnToolsVersion = 9.4.1;
						SystemCapabilities = {
							com.apple.HardenedRuntime = {
								enabled = 1;
							};
						};
					};
				};
			};
			buildConfigurationList = 7F5037B120E4FE140046A2A3 /* Build configuration list for PBXProject "Upload" */;
			compatibilityVersion = "Xcode 9.3";
			developmentRegion = en;
			hasScannedForEncodings = 0;
			knownRegions = (
				en,
				Base,
			);
			mainGroup = 7F5037AD20E4FE140046A2A3;
			productRefGroup = 7F5037B720E4FE140046A2A3 /* Products */;
			projectDirPath = "";
			projectRoot = "";
			targets = (
				7F5037B520E4FE140046A2A3 /* Kite */,
			);
		};
/* End PBXProject section */

/* Begin PBXResourcesBuildPhase section */
		7F5037B420E4FE140046A2A3 /* Resources */ = {
			isa = PBXResourcesBuildPhase;
			buildActionMask = 2147483647;
			files = (
				7F5AF96220E5032B006291A3 /* test_cert.pem in Resources */,
				7F5A3AB620E5147C009A2FBC /* status.png in Resources */,
				7FFB5EC7211F3026001C7730 /* upload-start.html in Resources */,
				7FFB5EC8211F3026001C7730 /* upload-stop.html in Resources */,
				7FCE2AF3231E71FF00C73EC8 /* upload-pics.html in Resources */,
				7F5AF95A20E502F6006291A3 /* login-home.html in Resources */,
				7F5037BD20E4FE160046A2A3 /* Assets.xcassets in Resources */,
				7FFD45D821455D6500075A30 /* upload-info.html in Resources */,
				7F5AF95620E502F6006291A3 /* login-apple.html in Resources */,
				7FFB5EC9211F3026001C7730 /* upload-add.html in Resources */,
				7F5AF96120E5032B006291A3 /* test_key.pem in Resources */,
				7F5AF95B20E502F6006291A3 /* login-logout.html in Resources */,
				7F5037C020E4FE160046A2A3 /* MainMenu.xib in Resources */,
				7FFB5EC6211F3026001C7730 /* upload-home.html in Resources */,
				7FFB5ECA211F3026001C7730 /* upload-pause.html in Resources */,
				7F5AF95820E502F6006291A3 /* login-ms.html in Resources */,
			);
			runOnlyForDeploymentPostprocessing = 0;
		};
/* End PBXResourcesBuildPhase section */

/* Begin PBXSourcesBuildPhase section */
		7F5037B220E4FE140046A2A3 /* Sources */ = {
			isa = PBXSourcesBuildPhase;
			buildActionMask = 2147483647;
			files = (
				7F2F8CAC211F06E4001B9C13 /* upobj.mm in Sources */,
				7FE759F320E504FA00C24546 /* ViewController.mm in Sources */,
				7F5037C320E4FE160046A2A3 /* main.m in Sources */,
				7F5037BB20E4FE140046A2A3 /* AppDelegate.m in Sources */,
			);
			runOnlyForDeploymentPostprocessing = 0;
		};
/* End PBXSourcesBuildPhase section */

/* Begin PBXVariantGroup section */
		7F5037BE20E4FE160046A2A3 /* MainMenu.xib */ = {
			isa = PBXVariantGroup;
			children = (
				7F5037BF20E4FE160046A2A3 /* Base */,
			);
			name = MainMenu.xib;
			sourceTree = "<group>";
		};
/* End PBXVariantGroup section */

/* Begin XCBuildConfiguration section */
		7F5037C520E4FE160046A2A3 /* Debug */ = {
			isa = XCBuildConfiguration;
			buildSettings = {
				ALWAYS_SEARCH_USER_PATHS = NO;
				CLANG_ANALYZER_NONNULL = YES;
				CLANG_ANALYZER_NUMBER_OBJECT_CONVERSION = YES_AGGRESSIVE;
				CLANG_CXX_LANGUAGE_STANDARD = "gnu++14";
				CLANG_CXX_LIBRARY = "libc++";
				CLANG_ENABLE_MODULES = YES;
				CLANG_ENABLE_OBJC_ARC = YES;
				CLANG_ENABLE_OBJC_WEAK = YES;
				CLANG_WARN_BLOCK_CAPTURE_AUTORELEASING = YES;
				CLANG_WARN_BOOL_CONVERSION = YES;
				CLANG_WARN_COMMA = YES;
				CLANG_WARN_CONSTANT_CONVERSION = YES;
				CLANG_WARN_DEPRECATED_OBJC_IMPLEMENTATIONS = YES;
				CLANG_WARN_DIRECT_OBJC_ISA_USAGE = YES_ERROR;
				CLANG_WARN_DOCUMENTATION_COMMENTS = YES;
				CLANG_WARN_EMPTY_BODY = YES;
				CLANG_WARN_ENUM_CONVERSION = YES;
				CLANG_WARN_INFINITE_RECURSION = YES;
				CLANG_WARN_INT_CONVERSION = YES;
				CLANG_WARN_NON_LITERAL_NULL_CONVERSION = YES;
				CLANG_WARN_OBJC_IMPLICIT_RETAIN_SELF = YES;
				CLANG_WARN_OBJC_LITERAL_CONVERSION = YES;
				CLANG_WARN_OBJC_ROOT_CLASS = YES_ERROR;
				CLANG_WARN_RANGE_LOOP_ANALYSIS = YES;
				CLANG_WARN_STRICT_PROTOTYPES = YES;
				CLANG_WARN_SUSPICIOUS_MOVE = YES;
				CLANG_WARN_UNGUARDED_AVAILABILITY = YES_AGGRESSIVE;
				CLANG_WARN_UNREACHABLE_CODE = YES;
				CLANG_WARN__DUPLICATE_METHOD_MATCH = YES;
				CODE_SIGN_IDENTITY = "Mac Developer";
				COPY_PHASE_STRIP = NO;
				DEBUG_INFORMATION_FORMAT = dwarf;
				ENABLE_STRICT_OBJC_MSGSEND = YES;
				ENABLE_TESTABILITY = YES;
				GCC_C_LANGUAGE_STANDARD = gnu11;
				GCC_DYNAMIC_NO_PIC = NO;
				GCC_NO_COMMON_BLOCKS = YES;
				GCC_OPTIMIZATION_LEVEL = 0;
				GCC_PREPROCESSOR_DEFINITIONS = (
					"DEBUG=1",
					"$(inherited)",
				);
				GCC_WARN_64_TO_32_BIT_CONVERSION = YES;
				GCC_WARN_ABOUT_RETURN_TYPE = YES_ERROR;
				GCC_WARN_UNDECLARED_SELECTOR = YES;
				GCC_WARN_UNINITIALIZED_AUTOS = YES_AGGRESSIVE;
				GCC_WARN_UNUSED_FUNCTION = YES;
				GCC_WARN_UNUSED_VARIABLE = YES;
				MACOSX_DEPLOYMENT_TARGET = 10.11;
				MTL_ENABLE_DEBUG_INFO = YES;
				ONLY_ACTIVE_ARCH = YES;
				SDKROOT = macosx;
			};
			name = Debug;
		};
		7F5037C620E4FE160046A2A3 /* Release */ = {
			isa = XCBuildConfiguration;
			buildSettings = {
				ALWAYS_SEARCH_USER_PATHS = NO;
				CLANG_ANALYZER_NONNULL = YES;
				CLANG_ANALYZER_NUMBER_OBJECT_CONVERSION = YES_AGGRESSIVE;
				CLANG_CXX_LANGUAGE_STANDARD = "gnu++14";
				CLANG_CXX_LIBRARY = "libc++";
				CLANG_ENABLE_MODULES = YES;
				CLANG_ENABLE_OBJC_ARC = YES;
				CLANG_ENABLE_OBJC_WEAK = YES;
				CLANG_WARN_BLOCK_CAPTURE_AUTORELEASING = YES;
				CLANG_WARN_BOOL_CONVERSION = YES;
				CLANG_WARN_COMMA = YES;
				CLANG_WARN_CONSTANT_CONVERSION = YES;
				CLANG_WARN_DEPRECATED_OBJC_IMPLEMENTATIONS = YES;
				CLANG_WARN_DIRECT_OBJC_ISA_USAGE = YES_ERROR;
				CLANG_WARN_DOCUMENTATION_COMMENTS = YES;
				CLANG_WARN_EMPTY_BODY = YES;
				CLANG_WARN_ENUM_CONVERSION = YES;
				CLANG_WARN_INFINITE_RECURSION = YES;
				CLANG_WARN_INT_CONVERSION = YES;
				CLANG_WARN_NON_LITERAL_NULL_CONVERSION = YES;
				CLANG_WARN_OBJC_IMPLICIT_RETAIN_SELF = YES;
				CLANG_WARN_OBJC_LITERAL_CONVERSION = YES;
				CLANG_WARN_OBJC_ROOT_CLASS = YES_ERROR;
				CLANG_WARN_RANGE_LOOP_ANALYSIS = YES;
				CLANG_WARN_STRICT_PROTOTYPES = YES;
				CLANG_WARN_SUSPICIOUS_MOVE = YES;
				CLANG_WARN_UNGUARDED_AVAILABILITY = YES_AGGRESSIVE;
				CLANG_WARN_UNREACHABLE_CODE = YES;
				CLANG_WARN__DUPLICATE_METHOD_MATCH = YES;
				CODE_SIGN_IDENTITY = "Mac Developer";
				COPY_PHASE_STRIP = NO;
				DEBUG_INFORMATION_FORMAT = "dwarf-with-dsym";
				ENABLE_NS_ASSERTIONS = NO;
				ENABLE_STRICT_OBJC_MSGSEND = YES;
				GCC_C_LANGUAGE_STANDARD = gnu11;
				GCC_NO_COMMON_BLOCKS = YES;
				GCC_WARN_64_TO_32_BIT_CONVERSION = YES;
				GCC_WARN_ABOUT_RETURN_TYPE = YES_ERROR;
				GCC_WARN_UNDECLARED_SELECTOR = YES;
				GCC_WARN_UNINITIALIZED_AUTOS = YES_AGGRESSIVE;
				GCC_WARN_UNUSED_FUNCTION = YES;
				GCC_WARN_UNUSED_VARIABLE = YES;
				MACOSX_DEPLOYMENT_TARGET = 10.11;
				MTL_ENABLE_DEBUG_INFO = NO;
				SDKROOT = macosx;
			};
			name = Release;
		};
		7F5037C820E4FE160046A2A3 /* Debug */ = {
			isa = XCBuildConfiguration;
			buildSettings = {
				ASSETCATALOG_COMPILER_APPICON_NAME = AppIcon;
				CODE_SIGN_ENTITLEMENTS = Upload/Upload.entitlements;
				CODE_SIGN_IDENTITY = "Apple Development";
				CODE_SIGN_STYLE = Automatic;
				COMBINE_HIDPI_IMAGES = YES;
				CURRENT_PROJECT_VERSION = 1;
				DEVELOPMENT_TEAM = 5Q64UZQ97C;
				ENABLE_HARDENED_RUNTIME = YES;
				INFOPLIST_FILE = Upload/Info.plist;
				LD_RUNPATH_SEARCH_PATHS = (
					"$(inherited)",
					"@executable_path/../Frameworks",
				);
				LIBRARY_SEARCH_PATHS = (
					"$(inherited)",
					/usr/local/ssl/lib,
				);
				"LIBRARY_SEARCH_PATHS[arch=*]" = (
					"$(inherited)",
					/Users/kazar/mac/lib,
				);
				MARKETING_VERSION = 1.9;
				PRODUCT_BUNDLE_IDENTIFIER = com.Cazamar.Upload;
				PRODUCT_NAME = "$(TARGET_NAME)";
			};
			name = Debug;
		};
		7F5037C920E4FE160046A2A3 /* Release */ = {
			isa = XCBuildConfiguration;
			buildSettings = {
				ASSETCATALOG_COMPILER_APPICON_NAME = AppIcon;
				CODE_SIGN_ENTITLEMENTS = Upload/Upload.entitlements;
				CODE_SIGN_IDENTITY = "Apple Development";
				CODE_SIGN_STYLE = Automatic;
				COMBINE_HIDPI_IMAGES = YES;
				CURRENT_PROJECT_VERSION = 1;
				DEVELOPMENT_TEAM = 5Q64UZQ97C;
				ENABLE_HARDENED_RUNTIME = YES;
				INFOPLIST_FILE = Upload/Info.plist;
				LD_RUNPATH_SEARCH_PATHS = (
					"$(inherited)",
					"@executable_path/../Frameworks",
				);
				LIBRARY_SEARCH_PATHS = (
					"$(inherited)",
					/usr/local/ssl/lib,
				);
				"LIBRARY_SEARCH_PATHS[arch=*]" = (
					"$(inherited)",
					/Users/kazar/mac/lib,
				);
				MARKETING_VERSION = 1.9;
				PRODUCT_BUNDLE_IDENTIFIER = com.Cazamar.Upload;
				PRODUCT_NAME = "$(TARGET_NAME)";
			};
			name = Release;
		};
/* End XCBuildConfiguration section */

/* Begin XCConfigurationList section */
		7F5037B120E4FE140046A2A3 /* Build configuration list for PBXProject "Upload" */ = {
			isa = XCConfigurationList;
			buildConfigurations = (
				7F5037C520E4FE160046A2A3 /* Debug */,
				7F5037C620E4FE160046A2A3 /* Release */,
			);
			defaultConfigurationIsVisible = 0;
			defaultConfigurationName = Release;
		};
		7F5037C720E4FE160046A2A3 /* Build configuration list for PBXNativeTarget "Kite" */ = {
			isa = XCConfigurationList;
			buildConfigurations = (
				7F5037C820E4FE160046A2A3 /* Debug */,
				7F5037C920E4FE160046A2A3 /* Release */,
			);
			defaultConfigurationIsVisible = 0;
			defaultConfigurationName = Release;
		};
/* End XCConfigurationList section */
	};
	rootObject = 7F5037AE20E4FE140046A2A3 /* Project object */;
}
